<?xml version="1.0" encoding="utf-8"?>
<Project ToolsVersion="4.0" xmlns="http://schemas.microsoft.com/developer/msbuild/2003">
  <ItemGroup>
    <Filter Include="Source Files">
      <UniqueIdentifier>{4FC737F1-C7A5-4376-A066-2A32D752A2FF}</UniqueIdentifier>
      <Extensions>cpp;c;cc;cxx;def;odl;idl;hpj;bat;asm;asmx</Extensions>
    </Filter>
    <Filter Include="Header Files">
      <UniqueIdentifier>{93995380-89BD-4b04-88EB-625FBE52EBFB}</UniqueIdentifier>
      <Extensions>h;hh;hpp;hxx;hm;inl;inc;xsd</Extensions>
    </Filter>
    <Filter Include="Resource Files">
      <UniqueIdentifier>{67DA6AB6-F800-4c08-8B7A-83BB121AAD01}</UniqueIdentifier>
      <Extensions>rc;ico;cur;bmp;dlg;rc2;rct;bin;rgs;gif;jpg;jpeg;jpe;resx;tiff;tif;png;wav</Extensions>
    </Filter>
    <Filter Include="Header Files\Common">
      <UniqueIdentifier>{fc0e7ddf-be37-49c3-be7e-4bdea8f75a6b}</UniqueIdentifier>
    </Filter>
    <Filter Include="Header Files\Devices">
      <UniqueIdentifier>{d23929b6-b8c2-414f-af26-edbc82507e5b}</UniqueIdentifier>
    </Filter>
    <Filter Include="Header Files\OS">
      <UniqueIdentifier>{94fe0427-b940-45ac-9b86-6eae9bd49b57}</UniqueIdentifier>
    </Filter>
    <Filter Include="Source Files\Common">
      <UniqueIdentifier>{097a8230-e4ff-4c45-b9c6-d3db9d3c6791}</UniqueIdentifier>
    </Filter>
    <Filter Include="Source Files\Devices">
      <UniqueIdentifier>{d9d2c28d-f350-4095-902a-d3fbdbc977b2}</UniqueIdentifier>
    </Filter>
    <Filter Include="Source Files\OS">
      <UniqueIdentifier>{463e3d9a-3438-4b4e-8110-f4a79600f965}</UniqueIdentifier>
    </Filter>
  </ItemGroup>
  <ItemGroup>
    <ClCompile Include="OS\linux.cpp">
      <Filter>Source Files\OS</Filter>
    </ClCompile>
    <ClCompile Include="os\null.cpp">
      <Filter>Source Files\OS</Filter>
    </ClCompile>
    <ClCompile Include="common\board.cpp">
      <Filter>Source Files\Common</Filter>
    </ClCompile>
    <ClCompile Include="common\pindevs.cpp">
      <Filter>Source Files\Common</Filter>
    </ClCompile>
    <ClCompile Include="devices\encoders.cpp">
      <Filter>Source Files\Devices</Filter>
    </ClCompile>
    <ClCompile Include="devices\led.cpp">
      <Filter>Source Files\Devices</Filter>
    </ClCompile>
    <ClCompile Include="devices\servo.cpp">
      <Filter>Source Files\Devices</Filter>
    </ClCompile>
    <ClCompile Include="devices\trimcontrol.cpp">
      <Filter>Source Files\Devices</Filter>
    </ClCompile>
    <ClCompile Include="devices\ultrasonic.cpp">
      <Filter>Source Files\Devices</Filter>
    </ClCompile>
    <ClCompile Include="devices\wheels.cpp">
      <Filter>Source Files\Devices</Filter>
    </ClCompile>
  </ItemGroup>
  <ItemGroup>
    <ClInclude Include="OS\linux.h">
      <Filter>Header Files\OS</Filter>
    </ClInclude>
    <ClInclude Include="os\null.h">
      <Filter>Header Files\OS</Filter>
    </ClInclude>
    <ClInclude Include="common\board.h">
      <Filter>Header Files\Common</Filter>
    </ClInclude>
    <ClInclude Include="common\magic.h">
      <Filter>Header Files\Common</Filter>
    </ClInclude>
    <ClInclude Include="common\pindevs.h">
      <Filter>Header Files\Common</Filter>
    </ClInclude>
    <ClInclude Include="devices\encoders.h">
      <Filter>Header Files\Devices</Filter>
    </ClInclude>
    <ClInclude Include="gopigo.h">
      <Filter>Header Files\Devices</Filter>
    </ClInclude>
    <ClInclude Include="devices\led.h">
      <Filter>Header Files\Devices</Filter>
    </ClInclude>
    <ClInclude Include="devices\servo.h">
      <Filter>Header Files\Devices</Filter>
    </ClInclude>
    <ClInclude Include="devices\trimcontrol.h">
      <Filter>Header Files\Devices</Filter>
    </ClInclude>
    <ClInclude Include="devices\ultrasonic.h">
      <Filter>Header Files\Devices</Filter>
    </ClInclude>
    <ClInclude Include="devices\wheels.h">
      <Filter>Header Files\Devices</Filter>
    </ClInclude>
  </ItemGroup>
</Project>